<Solution>
  <Folder Name="/ApplicationCore/">
    <Project Path="Starter_CleanArch_UAA2.ApplicationCore/Starter_CleanArch_UAA2.ApplicationCore.csproj" />
  </Folder>
  <Folder Name="/Domain/">
    <Project Path="Starter_CleanArch_UAA2.Domain/Starter_CleanArch_UAA2.Domain.csproj" />
  </Folder>
  <Folder Name="/Infrastructure/">
    <Project Path="Starter_CleanArch_UAA2.Infrastructure.Database/Starter_CleanArch_UAA2.Infrastructure.Database.csproj" />
    <Project Path="Starter_CleanArch_UAA2.Infrastructure.Mailer/Starter_CleanArch_UAA2.Infrastructure.Mailer.csproj" Id="dea525ba-80e5-46f3-bc83-28b6c40ebb29" />
  </Folder>
  <Folder Name="/Presentation/">
    <Project Path="Starter_CleanArch_UAA2.Presentation.WebAPI/Starter_CleanArch_UAA2.Presentation.WebAPI.csproj" />
  </Folder>
</Solution>
